
Microsoft Visual Studio Solution File, Format Version 12.00
# Visual Studio Version 17
VisualStudioVersion = 17.14.36518.9 d17.14
MinimumVisualStudioVersion = 10.0.40219.1
Project("{FAE04EC0-301F-11D3-BF4B-00C04F79EFBC}") = "Hometask16.2", "Hometask16.2.csproj", "{71A61DBF-3879-4CDA-8756-D855C782004A}"
EndProject
Global
	GlobalSection(SolutionConfigurationPlatforms) = preSolution
		Debug|Any CPU = Debug|Any CPU
		Release|Any CPU = Release|Any CPU
	EndGlobalSection
	GlobalSection(ProjectConfigurationPlatforms) = postSolution
		{71A61DBF-3879-4CDA-8756-D855C782004A}.Debug|Any CPU.ActiveCfg = Debug|Any CPU
		{71A61DBF-3879-4CDA-8756-D855C782004A}.Debug|Any CPU.Build.0 = Debug|Any CPU
		{71A61DBF-3879-4CDA-8756-D855C782004A}.Release|Any CPU.ActiveCfg = Release|Any CPU
		{71A61DBF-3879-4CDA-8756-D855C782004A}.Release|Any CPU.Build.0 = Release|Any CPU
	EndGlobalSection
	GlobalSection(SolutionProperties) = preSolution
		HideSolutionNode = FALSE
	EndGlobalSection
	GlobalSection(ExtensibilityGlobals) = postSolution
		SolutionGuid = {2E3BF993-7F10-42DC-A45E-D838ECF99B0B}
	EndGlobalSection
EndGlobal
